
Microsoft Visual Studio Solution File, Format Version 12.00
# Visual Studio Version 17
VisualStudioVersion = 17.9.34723.18
MinimumVisualStudioVersion = 10.0.40219.1
Project("{FAE04EC0-301F-11D3-BF4B-00C04F79EFBC}") = "Webapiproject", "Webapiproject.csproj", "{9397C9F5-BD5B-42CA-8FC4-E5D4F55B0923}"
EndProject
Global
	GlobalSection(SolutionConfigurationPlatforms) = preSolution
		Debug|Any CPU = Debug|Any CPU
		Release|Any CPU = Release|Any CPU
	EndGlobalSection
	GlobalSection(ProjectConfigurationPlatforms) = postSolution
		{9397C9F5-BD5B-42CA-8FC4-E5D4F55B0923}.Debug|Any CPU.ActiveCfg = Debug|Any CPU
		{9397C9F5-BD5B-42CA-8FC4-E5D4F55B0923}.Debug|Any CPU.Build.0 = Debug|Any CPU
		{9397C9F5-BD5B-42CA-8FC4-E5D4F55B0923}.Release|Any CPU.ActiveCfg = Release|Any CPU
		{9397C9F5-BD5B-42CA-8FC4-E5D4F55B0923}.Release|Any CPU.Build.0 = Release|Any CPU
	EndGlobalSection
	GlobalSection(SolutionProperties) = preSolution
		HideSolutionNode = FALSE
	EndGlobalSection
	GlobalSection(ExtensibilityGlobals) = postSolution
		SolutionGuid = {D4BF55E1-506F-4690-A17F-B9218458BE12}
	EndGlobalSection
EndGlobal
